
Microsoft Visual Studio Solution File, Format Version 12.00
# Visual Studio Version 17
VisualStudioVersion = 17.2.32505.173
MinimumVisualStudioVersion = 10.0.40219.1
Project("{8BC9CEB8-8B4A-11D0-8D11-00A0C91BC942}") = "LAB4_2", "LAB4_2.vcxproj", "{57658961-AE6C-4435-8ED5-FEC2B95051CB}"
EndProject
Global
	GlobalSection(SolutionConfigurationPlatforms) = preSolution
		Debug|x64 = Debug|x64
		Debug|x86 = Debug|x86
		Release|x64 = Release|x64
		Release|x86 = Release|x86
	EndGlobalSection
	GlobalSection(ProjectConfigurationPlatforms) = postSolution
		{57658961-AE6C-4435-8ED5-FEC2B95051CB}.Debug|x64.ActiveCfg = Debug|x64
		{57658961-AE6C-4435-8ED5-FEC2B95051CB}.Debug|x64.Build.0 = Debug|x64
		{57658961-AE6C-4435-8ED5-FEC2B95051CB}.Debug|x86.ActiveCfg = Debug|Win32
		{57658961-AE6C-4435-8ED5-FEC2B95051CB}.Debug|x86.Build.0 = Debug|Win32
		{57658961-AE6C-4435-8ED5-FEC2B95051CB}.Release|x64.ActiveCfg = Release|x64
		{57658961-AE6C-4435-8ED5-FEC2B95051CB}.Release|x64.Build.0 = Release|x64
		{57658961-AE6C-4435-8ED5-FEC2B95051CB}.Release|x86.ActiveCfg = Release|Win32
		{57658961-AE6C-4435-8ED5-FEC2B95051CB}.Release|x86.Build.0 = Release|Win32
	EndGlobalSection
	GlobalSection(SolutionProperties) = preSolution
		HideSolutionNode = FALSE
	EndGlobalSection
	GlobalSection(ExtensibilityGlobals) = postSolution
		SolutionGuid = {50A56CE8-F9F6-4963-ABD6-0CFD812C64E8}
	EndGlobalSection
EndGlobal
